
Microsoft Visual Studio Solution File, Format Version 12.00
# Visual Studio Version 17
VisualStudioVersion = 17.14.37314.3
MinimumVisualStudioVersion = 10.0.40219.1
Project("{FAE04EC0-301F-11D3-BF4B-00C04F79EFBC}") = "Identity.API", "src\Identity.API\Identity.API.csproj", "{69903447-5DF6-22E7-90A7-81BEAEF72338}"
EndProject
Project("{FAE04EC0-301F-11D3-BF4B-00C04F79EFBC}") = "Identity.Application", "src\Identity.Application\Identity.Application.csproj", "{905F92EA-12D7-44B9-C51B-2C695A2F087C}"
EndProject
Project("{FAE04EC0-301F-11D3-BF4B-00C04F79EFBC}") = "Identity.Domain", "src\Identity.Domain\Identity.Domain.csproj", "{D6AA8B29-E354-04AF-6541-8DF97E8B436C}"
EndProject
Project("{FAE04EC0-301F-11D3-BF4B-00C04F79EFBC}") = "Identity.Infrastructure", "src\Identity.Infrastructure\Identity.Infrastructure.csproj", "{C3905218-1E6B-7B4C-4AD3-C3D27E289FCB}"
EndProject
Project("{2150E333-8FDC-42A3-9474-1A3956D46DE8}") = "tests", "tests", "{0AB3BF05-4346-4AA6-1389-037BE0695223}"
EndProject
Project("{FAE04EC0-301F-11D3-BF4B-00C04F79EFBC}") = "Identity.Tests.Common", "tests\Identity.Tests.Common\Identity.Tests.Common.csproj", "{D276F1F9-FF52-46B0-9842-7DB8D50ED548}"
EndProject
Project("{FAE04EC0-301F-11D3-BF4B-00C04F79EFBC}") = "Identity.Domain.UnitTests", "tests\Identity.Domain.UnitTests\Identity.Domain.UnitTests.csproj", "{3A42B9E6-F135-4C55-94CC-AE9A775EB389}"
EndProject
Project("{FAE04EC0-301F-11D3-BF4B-00C04F79EFBC}") = "Identity.Application.UnitTests", "tests\Identity.Application.UnitTests\Identity.Application.UnitTests.csproj", "{A7565F98-72DE-44AD-8312-E000A83D9909}"
EndProject
Project("{FAE04EC0-301F-11D3-BF4B-00C04F79EFBC}") = "Identity.Application.SubcutaneousTests", "tests\Identity.Application.SubcutaneousTests\Identity.Application.SubcutaneousTests.csproj", "{6A7C0F0C-9EFE-427D-8275-941815D2E748}"
EndProject
Project("{FAE04EC0-301F-11D3-BF4B-00C04F79EFBC}") = "Identity.Api.IntegrationTests", "tests\Identity.Api.IntegrationTests\Identity.Api.IntegrationTests.csproj", "{0F0AA28D-6141-406B-A078-2B3B4B308241}"
EndProject
Project("{2150E333-8FDC-42A3-9474-1A3956D46DE8}") = "src", "src", "{02EA681E-C7D8-13C7-8484-4AC65E1B71E8}"
EndProject
Global
	GlobalSection(SolutionConfigurationPlatforms) = preSolution
		Debug|Any CPU = Debug|Any CPU
		Debug|x64 = Debug|x64
		Debug|x86 = Debug|x86
		Release|Any CPU = Release|Any CPU
		Release|x64 = Release|x64
		Release|x86 = Release|x86
	EndGlobalSection
	GlobalSection(ProjectConfigurationPlatforms) = postSolution
		{69903447-5DF6-22E7-90A7-81BEAEF72338}.Debug|Any CPU.ActiveCfg = Debug|Any CPU
		{69903447-5DF6-22E7-90A7-81BEAEF72338}.Debug|Any CPU.Build.0 = Debug|Any CPU
		{69903447-5DF6-22E7-90A7-81BEAEF72338}.Debug|x64.ActiveCfg = Debug|Any CPU
		{69903447-5DF6-22E7-90A7-81BEAEF72338}.Debug|x64.Build.0 = Debug|Any CPU
		{69903447-5DF6-22E7-90A7-81BEAEF72338}.Debug|x86.ActiveCfg = Debug|Any CPU
		{69903447-5DF6-22E7-90A7-81BEAEF72338}.Debug|x86.Build.0 = Debug|Any CPU
		{69903447-5DF6-22E7-90A7-81BEAEF72338}.Release|Any CPU.ActiveCfg = Release|Any CPU
		{69903447-5DF6-22E7-90A7-81BEAEF72338}.Release|Any CPU.Build.0 = Release|Any CPU
		{69903447-5DF6-22E7-90A7-81BEAEF72338}.Release|x64.ActiveCfg = Release|Any CPU
		{69903447-5DF6-22E7-90A7-81BEAEF72338}.Release|x64.Build.0 = Release|Any CPU
		{69903447-5DF6-22E7-90A7-81BEAEF72338}.Release|x86.ActiveCfg = Release|Any CPU
		{69903447-5DF6-22E7-90A7-81BEAEF72338}.Release|x86.Build.0 = Release|Any CPU
		{905F92EA-12D7-44B9-C51B-2C695A2F087C}.Debug|Any CPU.ActiveCfg = Debug|Any CPU
		{905F92EA-12D7-44B9-C51B-2C695A2F087C}.Debug|Any CPU.Build.0 = Debug|Any CPU
		{905F92EA-12D7-44B9-C51B-2C695A2F087C}.Debug|x64.ActiveCfg = Debug|Any CPU
		{905F92EA-12D7-44B9-C51B-2C695A2F087C}.Debug|x64.Build.0 = Debug|Any CPU
		{905F92EA-12D7-44B9-C51B-2C695A2F087C}.Debug|x86.ActiveCfg = Debug|Any CPU
		{905F92EA-12D7-44B9-C51B-2C695A2F087C}.Debug|x86.Build.0 = Debug|Any CPU
		{905F92EA-12D7-44B9-C51B-2C695A2F087C}.Release|Any CPU.ActiveCfg = Release|Any CPU
		{905F92EA-12D7-44B9-C51B-2C695A2F087C}.Release|Any CPU.Build.0 = Release|Any CPU
		{905F92EA-12D7-44B9-C51B-2C695A2F087C}.Release|x64.ActiveCfg = Release|Any CPU
		{905F92EA-12D7-44B9-C51B-2C695A2F087C}.Release|x64.Build.0 = Release|Any CPU
		{905F92EA-12D7-44B9-C51B-2C695A2F087C}.Release|x86.ActiveCfg = Release|Any CPU
		{905F92EA-12D7-44B9-C51B-2C695A2F087C}.Release|x86.Build.0 = Release|Any CPU
		{D6AA8B29-E354-04AF-6541-8DF97E8B436C}.Debug|Any CPU.ActiveCfg = Debug|Any CPU
		{D6AA8B29-E354-04AF-6541-8DF97E8B436C}.Debug|Any CPU.Build.0 = Debug|Any CPU
		{D6AA8B29-E354-04AF-6541-8DF97E8B436C}.Debug|x64.ActiveCfg = Debug|Any CPU
		{D6AA8B29-E354-04AF-6541-8DF97E8B436C}.Debug|x64.Build.0 = Debug|Any CPU
		{D6AA8B29-E354-04AF-6541-8DF97E8B436C}.Debug|x86.ActiveCfg = Debug|Any CPU
		{D6AA8B29-E354-04AF-6541-8DF97E8B436C}.Debug|x86.Build.0 = Debug|Any CPU
		{D6AA8B29-E354-04AF-6541-8DF97E8B436C}.Release|Any CPU.ActiveCfg = Release|Any CPU
		{D6AA8B29-E354-04AF-6541-8DF97E8B436C}.Release|Any CPU.Build.0 = Release|Any CPU
		{D6AA8B29-E354-04AF-6541-8DF97E8B436C}.Release|x64.ActiveCfg = Release|Any CPU
		{D6AA8B29-E354-04AF-6541-8DF97E8B436C}.Release|x64.Build.0 = Release|Any CPU
		{D6AA8B29-E354-04AF-6541-8DF97E8B436C}.Release|x86.ActiveCfg = Release|Any CPU
		{D6AA8B29-E354-04AF-6541-8DF97E8B436C}.Release|x86.Build.0 = Release|Any CPU
		{C3905218-1E6B-7B4C-4AD3-C3D27E289FCB}.Debug|Any CPU.ActiveCfg = Debug|Any CPU
		{C3905218-1E6B-7B4C-4AD3-C3D27E289FCB}.Debug|Any CPU.Build.0 = Debug|Any CPU
		{C3905218-1E6B-7B4C-4AD3-C3D27E289FCB}.Debug|x64.ActiveCfg = Debug|Any CPU
		{C3905218-1E6B-7B4C-4AD3-C3D27E289FCB}.Debug|x64.Build.0 = Debug|Any CPU
		{C3905218-1E6B-7B4C-4AD3-C3D27E289FCB}.Debug|x86.ActiveCfg = Debug|Any CPU
		{C3905218-1E6B-7B4C-4AD3-C3D27E289FCB}.Debug|x86.Build.0 = Debug|Any CPU
		{C3905218-1E6B-7B4C-4AD3-C3D27E289FCB}.Release|Any CPU.ActiveCfg = Release|Any CPU
		{C3905218-1E6B-7B4C-4AD3-C3D27E289FCB}.Release|Any CPU.Build.0 = Release|Any CPU
		{C3905218-1E6B-7B4C-4AD3-C3D27E289FCB}.Release|x64.ActiveCfg = Release|Any CPU
		{C3905218-1E6B-7B4C-4AD3-C3D27E289FCB}.Release|x64.Build.0 = Release|Any CPU
		{C3905218-1E6B-7B4C-4AD3-C3D27E289FCB}.Release|x86.ActiveCfg = Release|Any CPU
		{C3905218-1E6B-7B4C-4AD3-C3D27E289FCB}.Release|x86.Build.0 = Release|Any CPU
		{D276F1F9-FF52-46B0-9842-7DB8D50ED548}.Debug|Any CPU.ActiveCfg = Debug|Any CPU
		{D276F1F9-FF52-46B0-9842-7DB8D50ED548}.Debug|Any CPU.Build.0 = Debug|Any CPU
		{D276F1F9-FF52-46B0-9842-7DB8D50ED548}.Debug|x64.ActiveCfg = Debug|Any CPU
		{D276F1F9-FF52-46B0-9842-7DB8D50ED548}.Debug|x64.Build.0 = Debug|Any CPU
		{D276F1F9-FF52-46B0-9842-7DB8D50ED548}.Debug|x86.ActiveCfg = Debug|Any CPU
		{D276F1F9-FF52-46B0-9842-7DB8D50ED548}.Debug|x86.Build.0 = Debug|Any CPU
		{D276F1F9-FF52-46B0-9842-7DB8D50ED548}.Release|Any CPU.ActiveCfg = Release|Any CPU
		{D276F1F9-FF52-46B0-9842-7DB8D50ED548}.Release|Any CPU.Build.0 = Release|Any CPU
		{D276F1F9-FF52-46B0-9842-7DB8D50ED548}.Release|x64.ActiveCfg = Release|Any CPU
		{D276F1F9-FF52-46B0-9842-7DB8D50ED548}.Release|x64.Build.0 = Release|Any CPU
		{D276F1F9-FF52-46B0-9842-7DB8D50ED548}.Release|x86.ActiveCfg = Release|Any CPU
		{D276F1F9-FF52-46B0-9842-7DB8D50ED548}.Release|x86.Build.0 = Release|Any CPU
		{3A42B9E6-F135-4C55-94CC-AE9A775EB389}.Debug|Any CPU.ActiveCfg = Debug|Any CPU
		{3A42B9E6-F135-4C55-94CC-AE9A775EB389}.Debug|Any CPU.Build.0 = Debug|Any CPU
		{3A42B9E6-F135-4C55-94CC-AE9A775EB389}.Debug|x64.ActiveCfg = Debug|Any CPU
		{3A42B9E6-F135-4C55-94CC-AE9A775EB389}.Debug|x64.Build.0 = Debug|Any CPU
		{3A42B9E6-F135-4C55-94CC-AE9A775EB389}.Debug|x86.ActiveCfg = Debug|Any CPU
		{3A42B9E6-F135-4C55-94CC-AE9A775EB389}.Debug|x86.Build.0 = Debug|Any CPU
		{3A42B9E6-F135-4C55-94CC-AE9A775EB389}.Release|Any CPU.ActiveCfg = Release|Any CPU
		{3A42B9E6-F135-4C55-94CC-AE9A775EB389}.Release|Any CPU.Build.0 = Release|Any CPU
		{3A42B9E6-F135-4C55-94CC-AE9A775EB389}.Release|x64.ActiveCfg = Release|Any CPU
		{3A42B9E6-F135-4C55-94CC-AE9A775EB389}.Release|x64.Build.0 = Release|Any CPU
		{3A42B9E6-F135-4C55-94CC-AE9A775EB389}.Release|x86.ActiveCfg = Release|Any CPU
		{3A42B9E6-F135-4C55-94CC-AE9A775EB389}.Release|x86.Build.0 = Release|Any CPU
		{A7565F98-72DE-44AD-8312-E000A83D9909}.Debug|Any CPU.ActiveCfg = Debug|Any CPU
		{A7565F98-72DE-44AD-8312-E000A83D9909}.Debug|Any CPU.Build.0 = Debug|Any CPU
		{A7565F98-72DE-44AD-8312-E000A83D9909}.Debug|x64.ActiveCfg = Debug|Any CPU
		{A7565F98-72DE-44AD-8312-E000A83D9909}.Debug|x64.Build.0 = Debug|Any CPU
		{A7565F98-72DE-44AD-8312-E000A83D9909}.Debug|x86.ActiveCfg = Debug|Any CPU
		{A7565F98-72DE-44AD-8312-E000A83D9909}.Debug|x86.Build.0 = Debug|Any CPU
		{A7565F98-72DE-44AD-8312-E000A83D9909}.Release|Any CPU.ActiveCfg = Release|Any CPU
		{A7565F98-72DE-44AD-8312-E000A83D9909}.Release|Any CPU.Build.0 = Release|Any CPU
		{A7565F98-72DE-44AD-8312-E000A83D9909}.Release|x64.ActiveCfg = Release|Any CPU
		{A7565F98-72DE-44AD-8312-E000A83D9909}.Release|x64.Build.0 = Release|Any CPU
		{A7565F98-72DE-44AD-8312-E000A83D9909}.Release|x86.ActiveCfg = Release|Any CPU
		{A7565F98-72DE-44AD-8312-E000A83D9909}.Release|x86.Build.0 = Release|Any CPU
		{6A7C0F0C-9EFE-427D-8275-941815D2E748}.Debug|Any CPU.ActiveCfg = Debug|Any CPU
		{6A7C0F0C-9EFE-427D-8275-941815D2E748}.Debug|Any CPU.Build.0 = Debug|Any CPU
		{6A7C0F0C-9EFE-427D-8275-941815D2E748}.Debug|x64.ActiveCfg = Debug|Any CPU
		{6A7C0F0C-9EFE-427D-8275-941815D2E748}.Debug|x64.Build.0 = Debug|Any CPU
		{6A7C0F0C-9EFE-427D-8275-941815D2E748}.Debug|x86.ActiveCfg = Debug|Any CPU
		{6A7C0F0C-9EFE-427D-8275-941815D2E748}.Debug|x86.Build.0 = Debug|Any CPU
		{6A7C0F0C-9EFE-427D-8275-941815D2E748}.Release|Any CPU.ActiveCfg = Release|Any CPU
		{6A7C0F0C-9EFE-427D-8275-941815D2E748}.Release|Any CPU.Build.0 = Release|Any CPU
		{6A7C0F0C-9EFE-427D-8275-941815D2E748}.Release|x64.ActiveCfg = Release|Any CPU
		{6A7C0F0C-9EFE-427D-8275-941815D2E748}.Release|x64.Build.0 = Release|Any CPU
		{6A7C0F0C-9EFE-427D-8275-941815D2E748}.Release|x86.ActiveCfg = Release|Any CPU
		{6A7C0F0C-9EFE-427D-8275-941815D2E748}.Release|x86.Build.0 = Release|Any CPU
		{0F0AA28D-6141-406B-A078-2B3B4B308241}.Debug|Any CPU.ActiveCfg = Debug|Any CPU
		{0F0AA28D-6141-406B-A078-2B3B4B308241}.Debug|Any CPU.Build.0 = Debug|Any CPU
		{0F0AA28D-6141-406B-A078-2B3B4B308241}.Debug|x64.ActiveCfg = Debug|Any CPU
		{0F0AA28D-6141-406B-A078-2B3B4B308241}.Debug|x64.Build.0 = Debug|Any CPU
		{0F0AA28D-6141-406B-A078-2B3B4B308241}.Debug|x86.ActiveCfg = Debug|Any CPU
		{0F0AA28D-6141-406B-A078-2B3B4B308241}.Debug|x86.Build.0 = Debug|Any CPU
		{0F0AA28D-6141-406B-A078-2B3B4B308241}.Release|Any CPU.ActiveCfg = Release|Any CPU
		{0F0AA28D-6141-406B-A078-2B3B4B308241}.Release|Any CPU.Build.0 = Release|Any CPU
		{0F0AA28D-6141-406B-A078-2B3B4B308241}.Release|x64.ActiveCfg = Release|Any CPU
		{0F0AA28D-6141-406B-A078-2B3B4B308241}.Release|x64.Build.0 = Release|Any CPU
		{0F0AA28D-6141-406B-A078-2B3B4B308241}.Release|x86.ActiveCfg = Release|Any CPU
		{0F0AA28D-6141-406B-A078-2B3B4B308241}.Release|x86.Build.0 = Release|Any CPU
	EndGlobalSection
	GlobalSection(SolutionProperties) = preSolution
		HideSolutionNode = FALSE
	EndGlobalSection
	GlobalSection(NestedProjects) = preSolution
		{69903447-5DF6-22E7-90A7-81BEAEF72338} = {02EA681E-C7D8-13C7-8484-4AC65E1B71E8}
		{905F92EA-12D7-44B9-C51B-2C695A2F087C} = {02EA681E-C7D8-13C7-8484-4AC65E1B71E8}
		{D6AA8B29-E354-04AF-6541-8DF97E8B436C} = {02EA681E-C7D8-13C7-8484-4AC65E1B71E8}
		{C3905218-1E6B-7B4C-4AD3-C3D27E289FCB} = {02EA681E-C7D8-13C7-8484-4AC65E1B71E8}
		{D276F1F9-FF52-46B0-9842-7DB8D50ED548} = {0AB3BF05-4346-4AA6-1389-037BE0695223}
		{3A42B9E6-F135-4C55-94CC-AE9A775EB389} = {0AB3BF05-4346-4AA6-1389-037BE0695223}
		{A7565F98-72DE-44AD-8312-E000A83D9909} = {0AB3BF05-4346-4AA6-1389-037BE0695223}
		{6A7C0F0C-9EFE-427D-8275-941815D2E748} = {0AB3BF05-4346-4AA6-1389-037BE0695223}
		{0F0AA28D-6141-406B-A078-2B3B4B308241} = {0AB3BF05-4346-4AA6-1389-037BE0695223}
	EndGlobalSection
	GlobalSection(ExtensibilityGlobals) = postSolution
		SolutionGuid = {F82B3943-54F7-4DA6-8E78-A0FA73C28677}
	EndGlobalSection
EndGlobal
